// !$*UTF8*$!
{
	archiveVersion = 1;
	classes = {
	};
	objectVersion = 50;
	objects = {

/* Begin PBXBuildFile section */
		047A2BE526E0946400741A68 /* CustomLabel.swift in Sources */ = {isa = PBXBuildFile; fileRef = 047A2BE426E0946400741A68 /* CustomLabel.swift */; };
		047A2BE726E0A37F00741A68 /* OnboardingCell.swift in Sources */ = {isa = PBXBuildFile; fileRef = 047A2BE626E0A37F00741A68 /* OnboardingCell.swift */; };
		04DDDEC826DF0334005C6EC3 /* AppDelegate.swift in Sources */ = {isa = PBXBuildFile; fileRef = 04DDDEC726DF0334005C6EC3 /* AppDelegate.swift */; };
		04DDDECA26DF0334005C6EC3 /* SceneDelegate.swift in Sources */ = {isa = PBXBuildFile; fileRef = 04DDDEC926DF0334005C6EC3 /* SceneDelegate.swift */; };
		04DDDECC26DF0334005C6EC3 /* OnboardingController.swift in Sources */ = {isa = PBXBuildFile; fileRef = 04DDDECB26DF0334005C6EC3 /* OnboardingController.swift */; };
		04DDDED126DF0337005C6EC3 /* Assets.xcassets in Resources */ = {isa = PBXBuildFile; fileRef = 04DDDED026DF0337005C6EC3 /* Assets.xcassets */; };
		04DDDED426DF0337005C6EC3 /* LaunchScreen.storyboard in Resources */ = {isa = PBXBuildFile; fileRef = 04DDDED226DF0337005C6EC3 /* LaunchScreen.storyboard */; };
		04DDDEE226DF8FA1005C6EC3 /* UIView+Layout.swift in Sources */ = {isa = PBXBuildFile; fileRef = 04DDDEE126DF8FA1005C6EC3 /* UIView+Layout.swift */; };
		04DDDEE826DF9494005C6EC3 /* topContainerView.swift in Sources */ = {isa = PBXBuildFile; fileRef = 04DDDEE726DF9494005C6EC3 /* topContainerView.swift */; };
		04DDDEEA26DFA700005C6EC3 /* Extensions.swift in Sources */ = {isa = PBXBuildFile; fileRef = 04DDDEE926DFA700005C6EC3 /* Extensions.swift */; };
/* End PBXBuildFile section */

/* Begin PBXFileReference section */
		047A2BE426E0946400741A68 /* CustomLabel.swift */ = {isa = PBXFileReference; lastKnownFileType = sourcecode.swift; path = CustomLabel.swift; sourceTree = "<group>"; };
		047A2BE626E0A37F00741A68 /* OnboardingCell.swift */ = {isa = PBXFileReference; lastKnownFileType = sourcecode.swift; path = OnboardingCell.swift; sourceTree = "<group>"; };
		04DDDEC426DF0334005C6EC3 /* Shifty-iOS.app */ = {isa = PBXFileReference; explicitFileType = wrapper.application; includeInIndex = 0; path = "Shifty-iOS.app"; sourceTree = BUILT_PRODUCTS_DIR; };
		04DDDEC726DF0334005C6EC3 /* AppDelegate.swift */ = {isa = PBXFileReference; lastKnownFileType = sourcecode.swift; path = AppDelegate.swift; sourceTree = "<group>"; };
		04DDDEC926DF0334005C6EC3 /* SceneDelegate.swift */ = {isa = PBXFileReference; lastKnownFileType = sourcecode.swift; path = SceneDelegate.swift; sourceTree = "<group>"; };
		04DDDECB26DF0334005C6EC3 /* OnboardingController.swift */ = {isa = PBXFileReference; lastKnownFileType = sourcecode.swift; path = OnboardingController.swift; sourceTree = "<group>"; };
		04DDDED026DF0337005C6EC3 /* Assets.xcassets */ = {isa = PBXFileReference; lastKnownFileType = folder.assetcatalog; path = Assets.xcassets; sourceTree = "<group>"; };
		04DDDED326DF0337005C6EC3 /* Base */ = {isa = PBXFileReference; lastKnownFileType = file.storyboard; name = Base; path = Base.lproj/LaunchScreen.storyboard; sourceTree = "<group>"; };
		04DDDED526DF0337005C6EC3 /* Info.plist */ = {isa = PBXFileReference; lastKnownFileType = text.plist.xml; path = Info.plist; sourceTree = "<group>"; };
		04DDDEE126DF8FA1005C6EC3 /* UIView+Layout.swift */ = {isa = PBXFileReference; lastKnownFileType = sourcecode.swift; path = "UIView+Layout.swift"; sourceTree = "<group>"; };
		04DDDEE726DF9494005C6EC3 /* topContainerView.swift */ = {isa = PBXFileReference; lastKnownFileType = sourcecode.swift; path = topContainerView.swift; sourceTree = "<group>"; };
		04DDDEE926DFA700005C6EC3 /* Extensions.swift */ = {isa = PBXFileReference; lastKnownFileType = sourcecode.swift; path = Extensions.swift; sourceTree = "<group>"; };
/* End PBXFileReference section */

/* Begin PBXFrameworksBuildPhase section */
		04DDDEC126DF0334005C6EC3 /* Frameworks */ = {
			isa = PBXFrameworksBuildPhase;
			buildActionMask = 2147483647;
			files = (
			);
			runOnlyForDeploymentPostprocessing = 0;
		};
/* End PBXFrameworksBuildPhase section */

/* Begin PBXGroup section */
		04DDDEBB26DF0334005C6EC3 = {
			isa = PBXGroup;
			children = (
				04DDDEC626DF0334005C6EC3 /* Shifty-iOS */,
				04DDDEDF26DF04E5005C6EC3 /* Files */,
				04DDDEC526DF0334005C6EC3 /* Products */,
			);
			sourceTree = "<group>";
		};
		04DDDEC526DF0334005C6EC3 /* Products */ = {
			isa = PBXGroup;
			children = (
				04DDDEC426DF0334005C6EC3 /* Shifty-iOS.app */,
			);
			name = Products;
			sourceTree = "<group>";
		};
		04DDDEC626DF0334005C6EC3 /* Shifty-iOS */ = {
			isa = PBXGroup;
			children = (
				04DDDEDB26DF0410005C6EC3 /* App + Scene Delegates */,
				04DDDEE626DF9193005C6EC3 /* Model */,
				04DDDEE326DF9177005C6EC3 /* View */,
				04DDDEE526DF9187005C6EC3 /* ViewModel */,
				04DDDEDC26DF041F005C6EC3 /* Controllers */,
				04DDDEE026DF8F8A005C6EC3 /* Extensions */,
			);
			path = "Shifty-iOS";
			sourceTree = "<group>";
		};
		04DDDEDB26DF0410005C6EC3 /* App + Scene Delegates */ = {
			isa = PBXGroup;
			children = (
				04DDDEC726DF0334005C6EC3 /* AppDelegate.swift */,
				04DDDEC926DF0334005C6EC3 /* SceneDelegate.swift */,
			);
			path = "App + Scene Delegates";
			sourceTree = "<group>";
		};
		04DDDEDC26DF041F005C6EC3 /* Controllers */ = {
			isa = PBXGroup;
			children = (
				04DDDECB26DF0334005C6EC3 /* OnboardingController.swift */,
			);
			path = Controllers;
			sourceTree = "<group>";
		};
		04DDDEDF26DF04E5005C6EC3 /* Files */ = {
			isa = PBXGroup;
			children = (
				04DDDED226DF0337005C6EC3 /* LaunchScreen.storyboard */,
				04DDDED026DF0337005C6EC3 /* Assets.xcassets */,
				04DDDED526DF0337005C6EC3 /* Info.plist */,
			);
			name = Files;
			sourceTree = "<group>";
		};
		04DDDEE026DF8F8A005C6EC3 /* Extensions */ = {
			isa = PBXGroup;
			children = (
				04DDDEE126DF8FA1005C6EC3 /* UIView+Layout.swift */,
				04DDDEE926DFA700005C6EC3 /* Extensions.swift */,
				047A2BE426E0946400741A68 /* CustomLabel.swift */,
			);
			path = Extensions;
			sourceTree = "<group>";
		};
		04DDDEE326DF9177005C6EC3 /* View */ = {
			isa = PBXGroup;
			children = (
				04DDDEE726DF9494005C6EC3 /* topContainerView.swift */,
				047A2BE626E0A37F00741A68 /* OnboardingCell.swift */,
			);
			path = View;
			sourceTree = "<group>";
		};
		04DDDEE526DF9187005C6EC3 /* ViewModel */ = {
			isa = PBXGroup;
			children = (
			);
			path = ViewModel;
			sourceTree = "<group>";
		};
		04DDDEE626DF9193005C6EC3 /* Model */ = {
			isa = PBXGroup;
			children = (
			);
			path = Model;
			sourceTree = "<group>";
		};
/* End PBXGroup section */

/* Begin PBXNativeTarget section */
		04DDDEC326DF0334005C6EC3 /* Shifty-iOS */ = {
			isa = PBXNativeTarget;
			buildConfigurationList = 04DDDED826DF0337005C6EC3 /* Build configuration list for PBXNativeTarget "Shifty-iOS" */;
			buildPhases = (
				04DDDEC026DF0334005C6EC3 /* Sources */,
				04DDDEC126DF0334005C6EC3 /* Frameworks */,
				04DDDEC226DF0334005C6EC3 /* Resources */,
			);
			buildRules = (
			);
			dependencies = (
			);
			name = "Shifty-iOS";
			productName = "Shifty-iOS";
			productReference = 04DDDEC426DF0334005C6EC3 /* Shifty-iOS.app */;
			productType = "com.apple.product-type.application";
		};
/* End PBXNativeTarget section */

/* Begin PBXProject section */
		04DDDEBC26DF0334005C6EC3 /* Project object */ = {
			isa = PBXProject;
			attributes = {
				LastSwiftUpdateCheck = 1250;
				LastUpgradeCheck = 1250;
				TargetAttributes = {
					04DDDEC326DF0334005C6EC3 = {
						CreatedOnToolsVersion = 12.5;
					};
				};
			};
			buildConfigurationList = 04DDDEBF26DF0334005C6EC3 /* Build configuration list for PBXProject "Shifty-iOS" */;
			compatibilityVersion = "Xcode 9.3";
			developmentRegion = en;
			hasScannedForEncodings = 0;
			knownRegions = (
				en,
				Base,
			);
			mainGroup = 04DDDEBB26DF0334005C6EC3;
			productRefGroup = 04DDDEC526DF0334005C6EC3 /* Products */;
			projectDirPath = "";
			projectRoot = "";
			targets = (
				04DDDEC326DF0334005C6EC3 /* Shifty-iOS */,
			);
		};
/* End PBXProject section */

/* Begin PBXResourcesBuildPhase section */
		04DDDEC226DF0334005C6EC3 /* Resources */ = {
			isa = PBXResourcesBuildPhase;
			buildActionMask = 2147483647;
			files = (
				04DDDED426DF0337005C6EC3 /* LaunchScreen.storyboard in Resources */,
				04DDDED126DF0337005C6EC3 /* Assets.xcassets in Resources */,
			);
			runOnlyForDeploymentPostprocessing = 0;
		};
/* End PBXResourcesBuildPhase section */

/* Begin PBXSourcesBuildPhase section */
		04DDDEC026DF0334005C6EC3 /* Sources */ = {
			isa = PBXSourcesBuildPhase;
			buildActionMask = 2147483647;
			files = (
				04DDDEE226DF8FA1005C6EC3 /* UIView+Layout.swift in Sources */,
				04DDDEEA26DFA700005C6EC3 /* Extensions.swift in Sources */,
				047A2BE726E0A37F00741A68 /* OnboardingCell.swift in Sources */,
				04DDDECC26DF0334005C6EC3 /* OnboardingController.swift in Sources */,
				047A2BE526E0946400741A68 /* CustomLabel.swift in Sources */,
				04DDDEC826DF0334005C6EC3 /* AppDelegate.swift in Sources */,
				04DDDEE826DF9494005C6EC3 /* topContainerView.swift in Sources */,
				04DDDECA26DF0334005C6EC3 /* SceneDelegate.swift in Sources */,
			);
			runOnlyForDeploymentPostprocessing = 0;
		};
/* End PBXSourcesBuildPhase section */

/* Begin PBXVariantGroup section */
		04DDDED226DF0337005C6EC3 /* LaunchScreen.storyboard */ = {
			isa = PBXVariantGroup;
			children = (
				04DDDED326DF0337005C6EC3 /* Base */,
			);
			name = LaunchScreen.storyboard;
			sourceTree = "<group>";
		};
/* End PBXVariantGroup section */

/* Begin XCBuildConfiguration section */
		04DDDED626DF0337005C6EC3 /* Debug */ = {
			isa = XCBuildConfiguration;
			buildSettings = {
				ALWAYS_SEARCH_USER_PATHS = NO;
				CLANG_ANALYZER_NONNULL = YES;
				CLANG_ANALYZER_NUMBER_OBJECT_CONVERSION = YES_AGGRESSIVE;
				CLANG_CXX_LANGUAGE_STANDARD = "gnu++14";
				CLANG_CXX_LIBRARY = "libc++";
				CLANG_ENABLE_MODULES = YES;
				CLANG_ENABLE_OBJC_ARC = YES;
				CLANG_ENABLE_OBJC_WEAK = YES;
				CLANG_WARN_BLOCK_CAPTURE_AUTORELEASING = YES;
				CLANG_WARN_BOOL_CONVERSION = YES;
				CLANG_WARN_COMMA = YES;
				CLANG_WARN_CONSTANT_CONVERSION = YES;
				CLANG_WARN_DEPRECATED_OBJC_IMPLEMENTATIONS = YES;
				CLANG_WARN_DIRECT_OBJC_ISA_USAGE = YES_ERROR;
				CLANG_WARN_DOCUMENTATION_COMMENTS = YES;
				CLANG_WARN_EMPTY_BODY = YES;
				CLANG_WARN_ENUM_CONVERSION = YES;
				CLANG_WARN_INFINITE_RECURSION = YES;
				CLANG_WARN_INT_CONVERSION = YES;
				CLANG_WARN_NON_LITERAL_NULL_CONVERSION = YES;
				CLANG_WARN_OBJC_IMPLICIT_RETAIN_SELF = YES;
				CLANG_WARN_OBJC_LITERAL_CONVERSION = YES;
				CLANG_WARN_OBJC_ROOT_CLASS = YES_ERROR;
				CLANG_WARN_QUOTED_INCLUDE_IN_FRAMEWORK_HEADER = YES;
				CLANG_WARN_RANGE_LOOP_ANALYSIS = YES;
				CLANG_WARN_STRICT_PROTOTYPES = YES;
				CLANG_WARN_SUSPICIOUS_MOVE = YES;
				CLANG_WARN_UNGUARDED_AVAILABILITY = YES_AGGRESSIVE;
				CLANG_WARN_UNREACHABLE_CODE = YES;
				CLANG_WARN__DUPLICATE_METHOD_MATCH = YES;
				COPY_PHASE_STRIP = NO;
				DEBUG_INFORMATION_FORMAT = dwarf;
				ENABLE_STRICT_OBJC_MSGSEND = YES;
				ENABLE_TESTABILITY = YES;
				GCC_C_LANGUAGE_STANDARD = gnu11;
				GCC_DYNAMIC_NO_PIC = NO;
				GCC_NO_COMMON_BLOCKS = YES;
				GCC_OPTIMIZATION_LEVEL = 0;
				GCC_PREPROCESSOR_DEFINITIONS = (
					"DEBUG=1",
					"$(inherited)",
				);
				GCC_WARN_64_TO_32_BIT_CONVERSION = YES;
				GCC_WARN_ABOUT_RETURN_TYPE = YES_ERROR;
				GCC_WARN_UNDECLARED_SELECTOR = YES;
				GCC_WARN_UNINITIALIZED_AUTOS = YES_AGGRESSIVE;
				GCC_WARN_UNUSED_FUNCTION = YES;
				GCC_WARN_UNUSED_VARIABLE = YES;
				IPHONEOS_DEPLOYMENT_TARGET = 14.5;
				MTL_ENABLE_DEBUG_INFO = INCLUDE_SOURCE;
				MTL_FAST_MATH = YES;
				ONLY_ACTIVE_ARCH = YES;
				SDKROOT = iphoneos;
				SWIFT_ACTIVE_COMPILATION_CONDITIONS = DEBUG;
				SWIFT_OPTIMIZATION_LEVEL = "-Onone";
			};
			name = Debug;
		};
		04DDDED726DF0337005C6EC3 /* Release */ = {
			isa = XCBuildConfiguration;
			buildSettings = {
				ALWAYS_SEARCH_USER_PATHS = NO;
				CLANG_ANALYZER_NONNULL = YES;
				CLANG_ANALYZER_NUMBER_OBJECT_CONVERSION = YES_AGGRESSIVE;
				CLANG_CXX_LANGUAGE_STANDARD = "gnu++14";
				CLANG_CXX_LIBRARY = "libc++";
				CLANG_ENABLE_MODULES = YES;
				CLANG_ENABLE_OBJC_ARC = YES;
				CLANG_ENABLE_OBJC_WEAK = YES;
				CLANG_WARN_BLOCK_CAPTURE_AUTORELEASING = YES;
				CLANG_WARN_BOOL_CONVERSION = YES;
				CLANG_WARN_COMMA = YES;
				CLANG_WARN_CONSTANT_CONVERSION = YES;
				CLANG_WARN_DEPRECATED_OBJC_IMPLEMENTATIONS = YES;
				CLANG_WARN_DIRECT_OBJC_ISA_USAGE = YES_ERROR;
				CLANG_WARN_DOCUMENTATION_COMMENTS = YES;
				CLANG_WARN_EMPTY_BODY = YES;
				CLANG_WARN_ENUM_CONVERSION = YES;
				CLANG_WARN_INFINITE_RECURSION = YES;
				CLANG_WARN_INT_CONVERSION = YES;
				CLANG_WARN_NON_LITERAL_NULL_CONVERSION = YES;
				CLANG_WARN_OBJC_IMPLICIT_RETAIN_SELF = YES;
				CLANG_WARN_OBJC_LITERAL_CONVERSION = YES;
				CLANG_WARN_OBJC_ROOT_CLASS = YES_ERROR;
				CLANG_WARN_QUOTED_INCLUDE_IN_FRAMEWORK_HEADER = YES;
				CLANG_WARN_RANGE_LOOP_ANALYSIS = YES;
				CLANG_WARN_STRICT_PROTOTYPES = YES;
				CLANG_WARN_SUSPICIOUS_MOVE = YES;
				CLANG_WARN_UNGUARDED_AVAILABILITY = YES_AGGRESSIVE;
				CLANG_WARN_UNREACHABLE_CODE = YES;
				CLANG_WARN__DUPLICATE_METHOD_MATCH = YES;
				COPY_PHASE_STRIP = NO;
				DEBUG_INFORMATION_FORMAT = "dwarf-with-dsym";
				ENABLE_NS_ASSERTIONS = NO;
				ENABLE_STRICT_OBJC_MSGSEND = YES;
				GCC_C_LANGUAGE_STANDARD = gnu11;
				GCC_NO_COMMON_BLOCKS = YES;
				GCC_WARN_64_TO_32_BIT_CONVERSION = YES;
				GCC_WARN_ABOUT_RETURN_TYPE = YES_ERROR;
				GCC_WARN_UNDECLARED_SELECTOR = YES;
				GCC_WARN_UNINITIALIZED_AUTOS = YES_AGGRESSIVE;
				GCC_WARN_UNUSED_FUNCTION = YES;
				GCC_WARN_UNUSED_VARIABLE = YES;
				IPHONEOS_DEPLOYMENT_TARGET = 14.5;
				MTL_ENABLE_DEBUG_INFO = NO;
				MTL_FAST_MATH = YES;
				SDKROOT = iphoneos;
				SWIFT_COMPILATION_MODE = wholemodule;
				SWIFT_OPTIMIZATION_LEVEL = "-O";
				VALIDATE_PRODUCT = YES;
			};
			name = Release;
		};
		04DDDED926DF0337005C6EC3 /* Debug */ = {
			isa = XCBuildConfiguration;
			buildSettings = {
				ASSETCATALOG_COMPILER_APPICON_NAME = AppIcon;
				ASSETCATALOG_COMPILER_GLOBAL_ACCENT_COLOR_NAME = AccentColor;
				CODE_SIGN_STYLE = Automatic;
				DEVELOPMENT_TEAM = 3V9R8JFN46;
				"INFOPLIST_FILE[sdk=*]" = "/Users/mac/Documents/Git/Shifty-iOS/Info.plist";
				LD_RUNPATH_SEARCH_PATHS = (
					"$(inherited)",
					"@executable_path/Frameworks",
				);
				PRODUCT_BUNDLE_IDENTIFIER = "laidstall.Shifty-iOS";
				PRODUCT_NAME = "$(TARGET_NAME)";
				SWIFT_VERSION = 5.0;
				TARGETED_DEVICE_FAMILY = "1,2";
			};
			name = Debug;
		};
		04DDDEDA26DF0337005C6EC3 /* Release */ = {
			isa = XCBuildConfiguration;
			buildSettings = {
				ASSETCATALOG_COMPILER_APPICON_NAME = AppIcon;
				ASSETCATALOG_COMPILER_GLOBAL_ACCENT_COLOR_NAME = AccentColor;
				CODE_SIGN_STYLE = Automatic;
				DEVELOPMENT_TEAM = 3V9R8JFN46;
				INFOPLIST_FILE = "/Users/mac/Documents/Git/Shifty-iOS/Info.plist";
				LD_RUNPATH_SEARCH_PATHS = (
					"$(inherited)",
					"@executable_path/Frameworks",
				);
				PRODUCT_BUNDLE_IDENTIFIER = "laidstall.Shifty-iOS";
				PRODUCT_NAME = "$(TARGET_NAME)";
				SWIFT_VERSION = 5.0;
				TARGETED_DEVICE_FAMILY = "1,2";
			};
			name = Release;
		};
/* End XCBuildConfiguration section */

/* Begin XCConfigurationList section */
		04DDDEBF26DF0334005C6EC3 /* Build configuration list for PBXProject "Shifty-iOS" */ = {
			isa = XCConfigurationList;
			buildConfigurations = (
				04DDDED626DF0337005C6EC3 /* Debug */,
				04DDDED726DF0337005C6EC3 /* Release */,
			);
			defaultConfigurationIsVisible = 0;
			defaultConfigurationName = Release;
		};
		04DDDED826DF0337005C6EC3 /* Build configuration list for PBXNativeTarget "Shifty-iOS" */ = {
			isa = XCConfigurationList;
			buildConfigurations = (
				04DDDED926DF0337005C6EC3 /* Debug */,
				04DDDEDA26DF0337005C6EC3 /* Release */,
			);
			defaultConfigurationIsVisible = 0;
			defaultConfigurationName = Release;
		};
/* End XCConfigurationList section */
	};
	rootObject = 04DDDEBC26DF0334005C6EC3 /* Project object */;
}
